
Microsoft Visual Studio Solution File, Format Version 12.00
# Visual Studio Version 17
VisualStudioVersion = 17.6.33829.357
MinimumVisualStudioVersion = 10.0.40219.1
Project("{FAE04EC0-301F-11D3-BF4B-00C04F79EFBC}") = "eSya.UserCreation.WebAPI", "eSya.UserCreation.WebAPI\eSya.UserCreation.WebAPI.csproj", "{25BE613F-D1C4-4613-A840-B9D74B801A28}"
EndProject
Project("{FAE04EC0-301F-11D3-BF4B-00C04F79EFBC}") = "eSya.UserCreation.DL", "..\eSya.UserCreation.DL\eSya.UserCreation.DL\eSya.UserCreation.DL.csproj", "{C4829C46-491C-4EB4-AC0B-A086B05F5447}"
EndProject
Project("{FAE04EC0-301F-11D3-BF4B-00C04F79EFBC}") = "eSya.UserCreation.DO", "..\eSya.UserCreation.DO\eSya.UserCreation.DO\eSya.UserCreation.DO.csproj", "{B5F70D11-368A-4884-A8F6-96452BC8C00A}"
EndProject
Project("{FAE04EC0-301F-11D3-BF4B-00C04F79EFBC}") = "eSya.UserCreation.IF", "..\eSya.UserCreation.IF\eSya.UserCreation.IF\eSya.UserCreation.IF.csproj", "{3C61C2B8-1300-426A-9BF3-A28988A4E9F8}"
EndProject
Global
	GlobalSection(SolutionConfigurationPlatforms) = preSolution
		Debug|Any CPU = Debug|Any CPU
		Release|Any CPU = Release|Any CPU
	EndGlobalSection
	GlobalSection(ProjectConfigurationPlatforms) = postSolution
		{25BE613F-D1C4-4613-A840-B9D74B801A28}.Debug|Any CPU.ActiveCfg = Debug|Any CPU
		{25BE613F-D1C4-4613-A840-B9D74B801A28}.Debug|Any CPU.Build.0 = Debug|Any CPU
		{25BE613F-D1C4-4613-A840-B9D74B801A28}.Release|Any CPU.ActiveCfg = Release|Any CPU
		{25BE613F-D1C4-4613-A840-B9D74B801A28}.Release|Any CPU.Build.0 = Release|Any CPU
		{C4829C46-491C-4EB4-AC0B-A086B05F5447}.Debug|Any CPU.ActiveCfg = Debug|Any CPU
		{C4829C46-491C-4EB4-AC0B-A086B05F5447}.Debug|Any CPU.Build.0 = Debug|Any CPU
		{C4829C46-491C-4EB4-AC0B-A086B05F5447}.Release|Any CPU.ActiveCfg = Release|Any CPU
		{C4829C46-491C-4EB4-AC0B-A086B05F5447}.Release|Any CPU.Build.0 = Release|Any CPU
		{B5F70D11-368A-4884-A8F6-96452BC8C00A}.Debug|Any CPU.ActiveCfg = Debug|Any CPU
		{B5F70D11-368A-4884-A8F6-96452BC8C00A}.Debug|Any CPU.Build.0 = Debug|Any CPU
		{B5F70D11-368A-4884-A8F6-96452BC8C00A}.Release|Any CPU.ActiveCfg = Release|Any CPU
		{B5F70D11-368A-4884-A8F6-96452BC8C00A}.Release|Any CPU.Build.0 = Release|Any CPU
		{3C61C2B8-1300-426A-9BF3-A28988A4E9F8}.Debug|Any CPU.ActiveCfg = Debug|Any CPU
		{3C61C2B8-1300-426A-9BF3-A28988A4E9F8}.Debug|Any CPU.Build.0 = Debug|Any CPU
		{3C61C2B8-1300-426A-9BF3-A28988A4E9F8}.Release|Any CPU.ActiveCfg = Release|Any CPU
		{3C61C2B8-1300-426A-9BF3-A28988A4E9F8}.Release|Any CPU.Build.0 = Release|Any CPU
	EndGlobalSection
	GlobalSection(SolutionProperties) = preSolution
		HideSolutionNode = FALSE
	EndGlobalSection
	GlobalSection(ExtensibilityGlobals) = postSolution
		SolutionGuid = {30781711-345A-4DE1-A2A5-E318A8172F11}
	EndGlobalSection
EndGlobal
